
Microsoft Visual Studio Solution File, Format Version 12.00
# Visual Studio Version 17
VisualStudioVersion = 17.5.002.0
MinimumVisualStudioVersion = 10.0.40219.1
Project("{9A19103F-16F7-4668-BE54-9A1E7A4F7556}") = "ProjectC#1", "ProjectC#1.csproj", "{51EA2843-311F-433F-B255-1E3F64E67D72}"
EndProject
Global
	GlobalSection(SolutionConfigurationPlatforms) = preSolution
		Debug|Any CPU = Debug|Any CPU
		Release|Any CPU = Release|Any CPU
	EndGlobalSection
	GlobalSection(ProjectConfigurationPlatforms) = postSolution
		{51EA2843-311F-433F-B255-1E3F64E67D72}.Debug|Any CPU.ActiveCfg = Debug|Any CPU
		{51EA2843-311F-433F-B255-1E3F64E67D72}.Debug|Any CPU.Build.0 = Debug|Any CPU
		{51EA2843-311F-433F-B255-1E3F64E67D72}.Release|Any CPU.ActiveCfg = Release|Any CPU
		{51EA2843-311F-433F-B255-1E3F64E67D72}.Release|Any CPU.Build.0 = Release|Any CPU
	EndGlobalSection
	GlobalSection(SolutionProperties) = preSolution
		HideSolutionNode = FALSE
	EndGlobalSection
	GlobalSection(ExtensibilityGlobals) = postSolution
		SolutionGuid = {FE9D397C-C7F8-4247-8C1E-03A8FEF94829}
	EndGlobalSection
EndGlobal
